{
    "_meta": {
        "hash": {
            "sha256": "7d31697a4f104f14aee425c16ace7f1c7428e8e76d18667f7aa2d2e89b76a215"
        },
        "pipfile-spec": 6,
        "requires": {
            "python_version": "3"
        },
        "sources": [
            {
                "name": "pypi",
                "url": "https://pypi.python.org/simple",
                "verify_ssl": true
            }
        ]
    },
    "default": {
        "django": {
            "hashes": [
                "sha256:2d8b9eed8815f172a8e898678ae4289a5e9176bc08295676eff4228dd638ea61",
                "sha256:d81a1652963c81488e709729a80b510394050e312f386037f26b54912a3a10d0"
            ],
            "index": "pypi",
            "version": "==2.0.4"
        },
        "livereload": {
            "hashes": [
                "sha256:422de10d7ea9467a1ba27cbaffa84c74b809d96fb1598d9de4b9b676adf35e2c",
                "sha256:5ed6506f5d526ee712da9f3739c27714e6f3376f3e481728d298efceae0ec83a"
            ],
            "index": "pypi",
            "version": "==2.5.1"
        },
        "mysqlclient": {
            "hashes": [
                "sha256:1e85e48b167e2af3bb08f273fdbd1ad6401cbe75057fa6513f97387dc7b282dc",
                "sha256:2d9ec33de39f4d9c64ad7322ede0521d85829ce36a76f9dd3d6ab76a9c8648e5",
                "sha256:371df79d000af56b4e540b7ce2120d1c9afb04b751bfce25a1eb609c50fd10ff",
                "sha256:b3b1a7e4468180afb79289b54069d9499242946a4cedf3928cbf6b2a13800016",
                "sha256:d56e379c03efad746e84705cbb97401f60d1f98b05e11a27f2d9c2d043936974"
            ],
            "index": "pypi",
            "version": "==1.3.12"
        },
        "pillow": {
            "hashes": [
                "sha256:00633bc2ec40313f4daf351855e506d296ec3c553f21b66720d0f1225ca84c6f",
                "sha256:03514478db61b034fc5d38b9bf060f994e5916776e93f02e59732a8270069c61",
                "sha256:040144ba422216aecf7577484865ade90e1a475f867301c48bf9fbd7579efd76",
                "sha256:16246261ff22368e5e32ad74d5ef40403ab6895171a7fc6d34f6c17cfc0f1943",
                "sha256:1cb38df69362af35c14d4a50123b63c7ff18ec9a6d4d5da629a6f19d05e16ba8",
                "sha256:2400e122f7b21d9801798207e424cbe1f716cee7314cd0c8963fdb6fc564b5fb",
                "sha256:2ee6364b270b56a49e8b8a51488e847ab130adc1220c171bed6818c0d4742455",
                "sha256:3b4560c3891b05022c464b09121bd507c477505a4e19d703e1027a3a7c68d896",
                "sha256:41374a6afb3f44794410dab54a0d7175e6209a5a02d407119c81083f1a4c1841",
                "sha256:438a3faf5f702c8d0f80b9f9f9b8382cfa048ca6a0d64ef71b86b563b0ee0359",
                "sha256:472a124c640bde4d5468f6991c9fa7e30b723d84ac4195a77c6ab6aea30f2b9c",
                "sha256:4d32c8e3623a61d6e29ccd024066cd1ba556555abfb4cd714155020e00107e3f",
                "sha256:4d8077fd649ac40a5c4165f2c22fa2a4ad18c668e271ecb2f9d849d1017a9313",
                "sha256:62ec7ae98357fcd46002c110bb7cad15fce532776f0cbe7ca1d44c49b837d49d",
                "sha256:6c7cab6a05351cf61e469937c49dbf3cdf5ffb3eeac71f8d22dc9be3507598d8",
                "sha256:6eca36905444c4b91fe61f1b9933a47a30480738a1dd26501ff67d94fc2bc112",
                "sha256:74e2ebfd19c16c28ad43b8a28ff73b904ed382ea4875188838541751986e8c9a",
                "sha256:7673e7473a13107059377c96c563aa36f73184c29d2926882e0a0210b779a1e7",
                "sha256:81762cf5fca9a82b53b7b2d0e6b420e0f3b06167b97678c81d00470daa622d58",
                "sha256:8554bbeb4218d9cfb1917c69e6f2d2ad0be9b18a775d2162547edf992e1f5f1f",
                "sha256:9b66e968da9c4393f5795285528bc862c7b97b91251f31a08004a3c626d18114",
                "sha256:a00edb2dec0035e98ac3ec768086f0b06dfabb4ad308592ede364ef573692f55",
                "sha256:b48401752496757e95304a46213c3155bc911ac884bed2e9b275ce1c1df3e293",
                "sha256:b6cf18f9e653a8077522bb3aa753a776b117e3e0cc872c25811cfdf1459491c2",
                "sha256:bb8adab1877e9213385cbb1adc297ed8337e01872c42a30cfaa66ff8c422779c",
                "sha256:c8a4b39ba380b57a31a4b5449a9d257b1302d8bc4799767e645dcee25725efe1",
                "sha256:cee9bc75bff455d317b6947081df0824a8f118de2786dc3d74a3503fd631f4ef",
                "sha256:d0dc1313dff48af64517cbbd85e046d6b477fbe5e9d69712801f024dcb08c62b",
                "sha256:d5bf527ed83617edd1855a5c923eeeaf68bcb9ac0ceb28e3f19b575b3a424984",
                "sha256:df5863a21f91de5ecdf7d32a32f406dd9867ebb35d41033b8bd9607a21887599",
                "sha256:e39142332541ed2884c257495504858b22c078a5d781059b07aba4c3a80d7551",
                "sha256:e52e8f675ba0b2b417fa98579e7286a41a8e23871f17f4793772f5aa884fea79",
                "sha256:e6dd55d5d94b9e36929325dd0c9ab85bfde84a5fc35947c334c32af1af668944",
                "sha256:e87cc1acbebf263f308a8494272c2d42016aa33c32bf14d209c81e1f65e11868",
                "sha256:ea0091cd4100519cedfeea2c659f52291f535ac6725e2368bcf59e874f270efa",
                "sha256:eeb247f4f4d962942b3b555530b0c63b77473c7bfe475e51c6b75b7344b49ce3",
                "sha256:f0d4433adce6075efd24fc0285135248b0b50f5a58129c7e552030e04fe45c7f",
                "sha256:f1f3bd92f8e12dc22884935a73c9f94c4d9bd0d34410c456540713d6b7832b8c",
                "sha256:f42a87cbf50e905f49f053c0b1fb86c911c730624022bf44c8857244fc4cdaca",
                "sha256:f5f302db65e2e0ae96e26670818157640d3ca83a3054c290eff3631598dcf819",
                "sha256:f7634d534662bbb08976db801ba27a112aee23e597eeaf09267b4575341e45bf",
                "sha256:fdd374c02e8bb2d6468a85be50ea66e1c4ef9e809974c30d8576728473a6ed03",
                "sha256:fe6931db24716a0845bd8c8915bd096b77c2a7043e6fc59ae9ca364fe816f08b"
            ],
            "index": "pypi",
            "version": "==5.1.0"
        },
        "pytz": {
            "hashes": [
                "sha256:65ae0c8101309c45772196b21b74c46b2e5d11b6275c45d251b150d5da334555",
                "sha256:c06425302f2cf668f1bba7a0a03f3c1d34d4ebeef2c72003da308b3947c7f749"
            ],
            "version": "==2018.4"
        },
        "six": {
            "hashes": [
                "sha256:70e8a77beed4562e7f14fe23a786b54f6296e34344c23bc42f07b15018ff98e9",
                "sha256:832dc0e10feb1aa2c68dcc57dbb658f1c7e65b9b61af69048abc87a2db00a0eb"
            ],
            "version": "==1.11.0"
        },
        "tornado": {
            "hashes": [
                "sha256:1b83d5c10550f2653380b4c77331d6f8850f287c4f67d7ce1e1c639d9222fbc7",
                "sha256:408d129e9d13d3c55aa73f8084aa97d5f90ed84132e38d6932e63a67d5bec563",
                "sha256:88ce0282cce70df9045e515f578c78f1ebc35dcabe1d70f800c3583ebda7f5f5",
                "sha256:ba9fbb249ac5390bff8a1d6aa4b844fd400701069bda7d2e380dfe2217895101",
                "sha256:c050089173c2e9272244bccfb6a8615fb9e53b79420a5551acfa76094ecc3111"
            ],
            "version": "==5.0.2"
        },
        "whitenoise": {
            "hashes": [
                "sha256:15f43b2e701821b95c9016cf469d29e2a546cb1c7dead584ba82c36f843995cf",
                "sha256:9d81515f2b5b27051910996e1e860b1332e354d9e7bcf30c98f21dcb6713e0dd"
            ],
            "index": "pypi",
            "version": "==3.3.1"
        }
    },
    "develop": {
        "aspy.yaml": {
            "hashes": [
                "sha256:c959530fab398e2391516bc8d5146489f9273b07d87dd8ba5e8b73406f7cc1fa",
                "sha256:da95110d120a9168c9f43601b9cb732f006d8f193ee2c9b402c823026e4a9387"
            ],
            "version": "==1.1.0"
        },
        "attrs": {
            "hashes": [
                "sha256:1c7960ccfd6a005cd9f7ba884e6316b5e430a3f1a6c37c5f87d8b43f83b54ec9",
                "sha256:a17a9573a6f475c99b551c0e0a812707ddda1ec9653bed04c13841404ed6f450"
            ],
            "version": "==17.4.0"
        },
        "cached-property": {
            "hashes": [
                "sha256:67acb3ee8234245e8aea3784a492272239d9c4b487eba2fdcce9d75460d34520",
                "sha256:bf093e640b7294303c7cc7ba3212f00b7a07d0416c1d923465995c9ef860a139"
            ],
            "version": "==1.4.2"
        },
        "cfgv": {
            "hashes": [
                "sha256:2fbaf8d082456d8fff5a68163ff59c1025a52e906914fbc738be7d8ea5b7aa4b",
                "sha256:733aa2f66b5106af32d271336a571610b9808e868de0ad5690d9d5155e5960c5"
            ],
            "version": "==1.0.0"
        },
        "identify": {
            "hashes": [
                "sha256:5cbcc7fca1263bd87fc4dea1abfd7abbbc3807c9b9f09e6f999da6857a0fe35a",
                "sha256:a42f6ed9c3ad02b187c8a17027bb9042a54f463d8e617ca208038a25ec69faa7"
            ],
            "version": "==1.0.13"
        },
        "more-itertools": {
            "hashes": [
                "sha256:0dd8f72eeab0d2c3bd489025bb2f6a1b8342f9b198f6fc37b52d15cfa4531fea",
                "sha256:11a625025954c20145b37ff6309cd54e39ca94f72f6bb9576d1195db6fa2442e",
                "sha256:c9ce7eccdcb901a2c75d326ea134e0886abfbea5f93e91cc95de9507c0816c44"
            ],
            "version": "==4.1.0"
        },
        "nodeenv": {
            "hashes": [
                "sha256:dd0a34001090ff042cfdb4b0c8d6a6f7ec9baa49733f00b695bb8a8b4700ba6c"
            ],
            "version": "==1.3.0"
        },
        "pluggy": {
            "hashes": [
                "sha256:7f8ae7f5bdf75671a718d2daf0a64b7885f74510bcd98b1a0bb420eb9a9d0cff",
                "sha256:d345c8fe681115900d6da8d048ba67c25df42973bda370783cd58826442dcd7c",
                "sha256:e160a7fcf25762bb60efc7e171d4497ff1d8d2d75a3d0df7a21b76821ecbf5c5"
            ],
            "version": "==0.6.0"
        },
        "pre-commit": {
            "hashes": [
                "sha256:01bb5f44606735ca30c8be641fa24f5760fcc599a0260ead0067bcde2f0305f9",
                "sha256:823452163aa9fb024a9ff30947ba7f5a2778708db7554a4d36438b9bbead6bbb"
            ],
            "index": "pypi",
            "version": "==1.8.2"
        },
        "py": {
            "hashes": [
                "sha256:29c9fab495d7528e80ba1e343b958684f4ace687327e6f789a94bf3d1915f881",
                "sha256:983f77f3331356039fdd792e9220b7b8ee1aa6bd2b25f567a963ff1de5a64f6a"
            ],
            "version": "==1.5.3"
        },
        "pytest": {
            "hashes": [
                "sha256:6266f87ab64692112e5477eba395cfedda53b1933ccd29478e671e73b420c19c",
                "sha256:fae491d1874f199537fd5872b5e1f0e74a009b979df9d53d1553fd03da1703e1"
            ],
            "index": "pypi",
            "version": "==3.5.0"
        },
        "pytest-django": {
            "hashes": [
                "sha256:534505e0261cc566279032d9d887f844235342806fd63a6925689670fa1b29d7",
                "sha256:7501942093db2250a32a4e36826edfc542347bb9b26c78ed0649cdcfd49e5789"
            ],
            "index": "pypi",
            "version": "==3.2.1"
        },
        "pyyaml": {
            "hashes": [
                "sha256:0c507b7f74b3d2dd4d1322ec8a94794927305ab4cebbe89cc47fe5e81541e6e8",
                "sha256:16b20e970597e051997d90dc2cddc713a2876c47e3d92d59ee198700c5427736",
                "sha256:3262c96a1ca437e7e4763e2843746588a965426550f3797a79fca9c6199c431f",
                "sha256:326420cbb492172dec84b0f65c80942de6cedb5233c413dd824483989c000608",
                "sha256:4474f8ea030b5127225b8894d626bb66c01cda098d47a2b0d3429b6700af9fd8",
                "sha256:592766c6303207a20efc445587778322d7f73b161bd994f227adaa341ba212ab",
                "sha256:5ac82e411044fb129bae5cfbeb3ba626acb2af31a8d17d175004b70862a741a7",
                "sha256:5f84523c076ad14ff5e6c037fe1c89a7f73a3e04cf0377cb4d017014976433f3",
                "sha256:827dc04b8fa7d07c44de11fabbc888e627fa8293b695e0f99cb544fdfa1bf0d1",
                "sha256:b4c423ab23291d3945ac61346feeb9a0dc4184999ede5e7c43e1ffb975130ae6",
                "sha256:bc6bced57f826ca7cb5125a10b23fd0f2fff3b7c4701d64c439a300ce665fff8",
                "sha256:c01b880ec30b5a6e6aa67b09a2fe3fb30473008c85cd6a67359a1b15ed6d83a4",
                "sha256:ca233c64c6e40eaa6c66ef97058cdc80e8d0157a443655baa1b2966e812807ca",
                "sha256:e863072cdf4c72eebf179342c94e6989c67185842d9997960b3e69290b2fa269"
            ],
            "version": "==3.12"
        },
        "six": {
            "hashes": [
                "sha256:70e8a77beed4562e7f14fe23a786b54f6296e34344c23bc42f07b15018ff98e9",
                "sha256:832dc0e10feb1aa2c68dcc57dbb658f1c7e65b9b61af69048abc87a2db00a0eb"
            ],
            "version": "==1.11.0"
        },
        "virtualenv": {
            "hashes": [
                "sha256:1d7e241b431e7afce47e77f8843a276f652699d1fa4f93b9d8ce0076fd7b0b54",
                "sha256:e8e05d4714a1c51a2f5921e62f547fcb0f713ebbe959e0a7f585cc8bef71d11f"
            ],
            "version": "==15.2.0"
        }
    }
}
